
Microsoft Visual Studio Solution File, Format Version 12.00
# Visual Studio Version 16
VisualStudioVersion = 16.0.30204.135
MinimumVisualStudioVersion = 10.0.40219.1
Project("{2150E333-8FDC-42A3-9474-1A3956D46DE8}") = "Solution Items", "Solution Items", "{6D2AB877-1253-42C6-8ACF-0DACC23AC2F4}"
	ProjectSection(SolutionItems) = preProject
		appveyor.yml = appveyor.yml
		azure-pipelines.yml = azure-pipelines.yml
		changelog.md = changelog.md
		LICENSE = LICENSE
		nuget.ps1 = nuget.ps1
		publish.ps1 = publish.ps1
		README.md = README.md
		versions.dat = versions.dat
	EndProjectSection
EndProject
Project("{9A19103F-16F7-4668-BE54-9A1E7A4F7556}") = "Ambermoon.Renderer.OpenGL", "Ambermoon.Renderer.OpenGL\Ambermoon.Renderer.OpenGL.csproj", "{9029F2F0-019D-4F9F-9F7D-30E8A20516DC}"
EndProject
Project("{9A19103F-16F7-4668-BE54-9A1E7A4F7556}") = "Ambermoon.net", "Ambermoon.net\Ambermoon.net.csproj", "{9439C194-9B80-4010-ADFD-B5A1E98150A8}"
EndProject
Project("{9A19103F-16F7-4668-BE54-9A1E7A4F7556}") = "Ambermoon.Core", "Ambermoon.Core\Ambermoon.Core.csproj", "{B6A7085D-F582-4EF1-9FA3-B43B9E54AFE3}"
EndProject
Project("{9A19103F-16F7-4668-BE54-9A1E7A4F7556}") = "Ambermoon.Common", "Ambermoon.Common\Ambermoon.Common.csproj", "{3B674F3F-A0D4-40F8-9809-33A12CE8FE9C}"
EndProject
Project("{9A19103F-16F7-4668-BE54-9A1E7A4F7556}") = "Ambermoon.Data.Common", "Ambermoon.Data.Common\Ambermoon.Data.Common.csproj", "{70408323-D1F3-4D56-9552-A5D18476019C}"
EndProject
Project("{9A19103F-16F7-4668-BE54-9A1E7A4F7556}") = "Ambermoon.Data.Legacy", "Ambermoon.Data.Legacy\Ambermoon.Data.Legacy.csproj", "{8A7AB439-BC15-4364-9E47-2C33493ABE65}"
EndProject
Project("{9A19103F-16F7-4668-BE54-9A1E7A4F7556}") = "Ambermoon.ConcatFiles", "Ambermoon.ConcatFiles\Ambermoon.ConcatFiles.csproj", "{F97FD942-702E-49FE-9242-3B4A95B66521}"
EndProject
Global
	GlobalSection(SolutionConfigurationPlatforms) = preSolution
		Debug|Any CPU = Debug|Any CPU
		Debug|x64 = Debug|x64
		Debug|x86 = Debug|x86
		Release|Any CPU = Release|Any CPU
		Release|x64 = Release|x64
		Release|x86 = Release|x86
	EndGlobalSection
	GlobalSection(ProjectConfigurationPlatforms) = postSolution
		{9029F2F0-019D-4F9F-9F7D-30E8A20516DC}.Debug|Any CPU.ActiveCfg = Debug|Any CPU
		{9029F2F0-019D-4F9F-9F7D-30E8A20516DC}.Debug|Any CPU.Build.0 = Debug|Any CPU
		{9029F2F0-019D-4F9F-9F7D-30E8A20516DC}.Debug|x64.ActiveCfg = Debug|Any CPU
		{9029F2F0-019D-4F9F-9F7D-30E8A20516DC}.Debug|x64.Build.0 = Debug|Any CPU
		{9029F2F0-019D-4F9F-9F7D-30E8A20516DC}.Debug|x86.ActiveCfg = Debug|Any CPU
		{9029F2F0-019D-4F9F-9F7D-30E8A20516DC}.Debug|x86.Build.0 = Debug|Any CPU
		{9029F2F0-019D-4F9F-9F7D-30E8A20516DC}.Release|Any CPU.ActiveCfg = Release|Any CPU
		{9029F2F0-019D-4F9F-9F7D-30E8A20516DC}.Release|Any CPU.Build.0 = Release|Any CPU
		{9029F2F0-019D-4F9F-9F7D-30E8A20516DC}.Release|x64.ActiveCfg = Release|Any CPU
		{9029F2F0-019D-4F9F-9F7D-30E8A20516DC}.Release|x64.Build.0 = Release|Any CPU
		{9029F2F0-019D-4F9F-9F7D-30E8A20516DC}.Release|x86.ActiveCfg = Release|Any CPU
		{9029F2F0-019D-4F9F-9F7D-30E8A20516DC}.Release|x86.Build.0 = Release|Any CPU
		{9439C194-9B80-4010-ADFD-B5A1E98150A8}.Debug|Any CPU.ActiveCfg = Debug|Any CPU
		{9439C194-9B80-4010-ADFD-B5A1E98150A8}.Debug|Any CPU.Build.0 = Debug|Any CPU
		{9439C194-9B80-4010-ADFD-B5A1E98150A8}.Debug|x64.ActiveCfg = Debug|Any CPU
		{9439C194-9B80-4010-ADFD-B5A1E98150A8}.Debug|x64.Build.0 = Debug|Any CPU
		{9439C194-9B80-4010-ADFD-B5A1E98150A8}.Debug|x86.ActiveCfg = Debug|Any CPU
		{9439C194-9B80-4010-ADFD-B5A1E98150A8}.Debug|x86.Build.0 = Debug|Any CPU
		{9439C194-9B80-4010-ADFD-B5A1E98150A8}.Release|Any CPU.ActiveCfg = Release|Any CPU
		{9439C194-9B80-4010-ADFD-B5A1E98150A8}.Release|Any CPU.Build.0 = Release|Any CPU
		{9439C194-9B80-4010-ADFD-B5A1E98150A8}.Release|x64.ActiveCfg = Release|Any CPU
		{9439C194-9B80-4010-ADFD-B5A1E98150A8}.Release|x64.Build.0 = Release|Any CPU
		{9439C194-9B80-4010-ADFD-B5A1E98150A8}.Release|x86.ActiveCfg = Release|Any CPU
		{9439C194-9B80-4010-ADFD-B5A1E98150A8}.Release|x86.Build.0 = Release|Any CPU
		{B6A7085D-F582-4EF1-9FA3-B43B9E54AFE3}.Debug|Any CPU.ActiveCfg = Debug|Any CPU
		{B6A7085D-F582-4EF1-9FA3-B43B9E54AFE3}.Debug|Any CPU.Build.0 = Debug|Any CPU
		{B6A7085D-F582-4EF1-9FA3-B43B9E54AFE3}.Debug|x64.ActiveCfg = Debug|Any CPU
		{B6A7085D-F582-4EF1-9FA3-B43B9E54AFE3}.Debug|x64.Build.0 = Debug|Any CPU
		{B6A7085D-F582-4EF1-9FA3-B43B9E54AFE3}.Debug|x86.ActiveCfg = Debug|Any CPU
		{B6A7085D-F582-4EF1-9FA3-B43B9E54AFE3}.Debug|x86.Build.0 = Debug|Any CPU
		{B6A7085D-F582-4EF1-9FA3-B43B9E54AFE3}.Release|Any CPU.ActiveCfg = Release|Any CPU
		{B6A7085D-F582-4EF1-9FA3-B43B9E54AFE3}.Release|Any CPU.Build.0 = Release|Any CPU
		{B6A7085D-F582-4EF1-9FA3-B43B9E54AFE3}.Release|x64.ActiveCfg = Release|Any CPU
		{B6A7085D-F582-4EF1-9FA3-B43B9E54AFE3}.Release|x64.Build.0 = Release|Any CPU
		{B6A7085D-F582-4EF1-9FA3-B43B9E54AFE3}.Release|x86.ActiveCfg = Release|Any CPU
		{B6A7085D-F582-4EF1-9FA3-B43B9E54AFE3}.Release|x86.Build.0 = Release|Any CPU
		{3B674F3F-A0D4-40F8-9809-33A12CE8FE9C}.Debug|Any CPU.ActiveCfg = Debug|Any CPU
		{3B674F3F-A0D4-40F8-9809-33A12CE8FE9C}.Debug|Any CPU.Build.0 = Debug|Any CPU
		{3B674F3F-A0D4-40F8-9809-33A12CE8FE9C}.Debug|x64.ActiveCfg = Debug|Any CPU
		{3B674F3F-A0D4-40F8-9809-33A12CE8FE9C}.Debug|x64.Build.0 = Debug|Any CPU
		{3B674F3F-A0D4-40F8-9809-33A12CE8FE9C}.Debug|x86.ActiveCfg = Debug|Any CPU
		{3B674F3F-A0D4-40F8-9809-33A12CE8FE9C}.Debug|x86.Build.0 = Debug|Any CPU
		{3B674F3F-A0D4-40F8-9809-33A12CE8FE9C}.Release|Any CPU.ActiveCfg = Release|Any CPU
		{3B674F3F-A0D4-40F8-9809-33A12CE8FE9C}.Release|Any CPU.Build.0 = Release|Any CPU
		{3B674F3F-A0D4-40F8-9809-33A12CE8FE9C}.Release|x64.ActiveCfg = Release|Any CPU
		{3B674F3F-A0D4-40F8-9809-33A12CE8FE9C}.Release|x64.Build.0 = Release|Any CPU
		{3B674F3F-A0D4-40F8-9809-33A12CE8FE9C}.Release|x86.ActiveCfg = Release|Any CPU
		{3B674F3F-A0D4-40F8-9809-33A12CE8FE9C}.Release|x86.Build.0 = Release|Any CPU
		{70408323-D1F3-4D56-9552-A5D18476019C}.Debug|Any CPU.ActiveCfg = Debug|Any CPU
		{70408323-D1F3-4D56-9552-A5D18476019C}.Debug|Any CPU.Build.0 = Debug|Any CPU
		{70408323-D1F3-4D56-9552-A5D18476019C}.Debug|x64.ActiveCfg = Debug|Any CPU
		{70408323-D1F3-4D56-9552-A5D18476019C}.Debug|x64.Build.0 = Debug|Any CPU
		{70408323-D1F3-4D56-9552-A5D18476019C}.Debug|x86.ActiveCfg = Debug|Any CPU
		{70408323-D1F3-4D56-9552-A5D18476019C}.Debug|x86.Build.0 = Debug|Any CPU
		{70408323-D1F3-4D56-9552-A5D18476019C}.Release|Any CPU.ActiveCfg = Release|Any CPU
		{70408323-D1F3-4D56-9552-A5D18476019C}.Release|Any CPU.Build.0 = Release|Any CPU
		{70408323-D1F3-4D56-9552-A5D18476019C}.Release|x64.ActiveCfg = Release|Any CPU
		{70408323-D1F3-4D56-9552-A5D18476019C}.Release|x64.Build.0 = Release|Any CPU
		{70408323-D1F3-4D56-9552-A5D18476019C}.Release|x86.ActiveCfg = Release|Any CPU
		{70408323-D1F3-4D56-9552-A5D18476019C}.Release|x86.Build.0 = Release|Any CPU
		{8A7AB439-BC15-4364-9E47-2C33493ABE65}.Debug|Any CPU.ActiveCfg = Debug|Any CPU
		{8A7AB439-BC15-4364-9E47-2C33493ABE65}.Debug|Any CPU.Build.0 = Debug|Any CPU
		{8A7AB439-BC15-4364-9E47-2C33493ABE65}.Debug|x64.ActiveCfg = Debug|Any CPU
		{8A7AB439-BC15-4364-9E47-2C33493ABE65}.Debug|x64.Build.0 = Debug|Any CPU
		{8A7AB439-BC15-4364-9E47-2C33493ABE65}.Debug|x86.ActiveCfg = Debug|Any CPU
		{8A7AB439-BC15-4364-9E47-2C33493ABE65}.Debug|x86.Build.0 = Debug|Any CPU
		{8A7AB439-BC15-4364-9E47-2C33493ABE65}.Release|Any CPU.ActiveCfg = Release|Any CPU
		{8A7AB439-BC15-4364-9E47-2C33493ABE65}.Release|Any CPU.Build.0 = Release|Any CPU
		{8A7AB439-BC15-4364-9E47-2C33493ABE65}.Release|x64.ActiveCfg = Release|Any CPU
		{8A7AB439-BC15-4364-9E47-2C33493ABE65}.Release|x64.Build.0 = Release|Any CPU
		{8A7AB439-BC15-4364-9E47-2C33493ABE65}.Release|x86.ActiveCfg = Release|Any CPU
		{8A7AB439-BC15-4364-9E47-2C33493ABE65}.Release|x86.Build.0 = Release|Any CPU
		{F97FD942-702E-49FE-9242-3B4A95B66521}.Debug|Any CPU.ActiveCfg = Debug|Any CPU
		{F97FD942-702E-49FE-9242-3B4A95B66521}.Debug|Any CPU.Build.0 = Debug|Any CPU
		{F97FD942-702E-49FE-9242-3B4A95B66521}.Debug|x64.ActiveCfg = Debug|Any CPU
		{F97FD942-702E-49FE-9242-3B4A95B66521}.Debug|x64.Build.0 = Debug|Any CPU
		{F97FD942-702E-49FE-9242-3B4A95B66521}.Debug|x86.ActiveCfg = Debug|Any CPU
		{F97FD942-702E-49FE-9242-3B4A95B66521}.Debug|x86.Build.0 = Debug|Any CPU
		{F97FD942-702E-49FE-9242-3B4A95B66521}.Release|Any CPU.ActiveCfg = Release|Any CPU
		{F97FD942-702E-49FE-9242-3B4A95B66521}.Release|Any CPU.Build.0 = Release|Any CPU
		{F97FD942-702E-49FE-9242-3B4A95B66521}.Release|x64.ActiveCfg = Release|Any CPU
		{F97FD942-702E-49FE-9242-3B4A95B66521}.Release|x64.Build.0 = Release|Any CPU
		{F97FD942-702E-49FE-9242-3B4A95B66521}.Release|x86.ActiveCfg = Release|Any CPU
		{F97FD942-702E-49FE-9242-3B4A95B66521}.Release|x86.Build.0 = Release|Any CPU
	EndGlobalSection
	GlobalSection(SolutionProperties) = preSolution
		HideSolutionNode = FALSE
	EndGlobalSection
	GlobalSection(ExtensibilityGlobals) = postSolution
		SolutionGuid = {3995CD35-9B7F-4C04-B75D-E24ECC154A2A}
	EndGlobalSection
EndGlobal
